// !$*UTF8*$!
{
	archiveVersion = 1;
	classes = {
	};
	objectVersion = 56;
	objects = {

/* Begin PBXBuildFile section */
		0EFFA8562B2FCE7E00D5D875 /* UITestingDemoApp.swift in Sources */ = {isa = PBXBuildFile; fileRef = 0EFFA8552B2FCE7E00D5D875 /* UITestingDemoApp.swift */; };
		0EFFA8582B2FCE7E00D5D875 /* ContentView.swift in Sources */ = {isa = PBXBuildFile; fileRef = 0EFFA8572B2FCE7E00D5D875 /* ContentView.swift */; };
		0EFFA85A2B2FCE8000D5D875 /* Assets.xcassets in Resources */ = {isa = PBXBuildFile; fileRef = 0EFFA8592B2FCE8000D5D875 /* Assets.xcassets */; };
		0EFFA85D2B2FCE8000D5D875 /* Preview Assets.xcassets in Resources */ = {isa = PBXBuildFile; fileRef = 0EFFA85C2B2FCE8000D5D875 /* Preview Assets.xcassets */; };
		0EFFA8672B2FCE8000D5D875 /* UITestingDemoTests.swift in Sources */ = {isa = PBXBuildFile; fileRef = 0EFFA8662B2FCE8000D5D875 /* UITestingDemoTests.swift */; };
		0EFFA8712B2FCE8000D5D875 /* UITestingDemoUITests.swift in Sources */ = {isa = PBXBuildFile; fileRef = 0EFFA8702B2FCE8000D5D875 /* UITestingDemoUITests.swift */; };
		0EFFA8732B2FCE8000D5D875 /* UITestingDemoUITestsLaunchTests.swift in Sources */ = {isa = PBXBuildFile; fileRef = 0EFFA8722B2FCE8000D5D875 /* UITestingDemoUITestsLaunchTests.swift */; };
/* End PBXBuildFile section */

/* Begin PBXContainerItemProxy section */
		0EFFA8632B2FCE8000D5D875 /* PBXContainerItemProxy */ = {
			isa = PBXContainerItemProxy;
			containerPortal = 0EFFA84A2B2FCE7D00D5D875 /* Project object */;
			proxyType = 1;
			remoteGlobalIDString = 0EFFA8512B2FCE7E00D5D875;
			remoteInfo = UITestingDemo;
		};
		0EFFA86D2B2FCE8000D5D875 /* PBXContainerItemProxy */ = {
			isa = PBXContainerItemProxy;
			containerPortal = 0EFFA84A2B2FCE7D00D5D875 /* Project object */;
			proxyType = 1;
			remoteGlobalIDString = 0EFFA8512B2FCE7E00D5D875;
			remoteInfo = UITestingDemo;
		};
/* End PBXContainerItemProxy section */

/* Begin PBXFileReference section */
		0EFFA8522B2FCE7E00D5D875 /* UITestingDemo.app */ = {isa = PBXFileReference; explicitFileType = wrapper.application; includeInIndex = 0; path = UITestingDemo.app; sourceTree = BUILT_PRODUCTS_DIR; };
		0EFFA8552B2FCE7E00D5D875 /* UITestingDemoApp.swift */ = {isa = PBXFileReference; lastKnownFileType = sourcecode.swift; path = UITestingDemoApp.swift; sourceTree = "<group>"; };
		0EFFA8572B2FCE7E00D5D875 /* ContentView.swift */ = {isa = PBXFileReference; lastKnownFileType = sourcecode.swift; path = ContentView.swift; sourceTree = "<group>"; };
		0EFFA8592B2FCE8000D5D875 /* Assets.xcassets */ = {isa = PBXFileReference; lastKnownFileType = folder.assetcatalog; path = Assets.xcassets; sourceTree = "<group>"; };
		0EFFA85C2B2FCE8000D5D875 /* Preview Assets.xcassets */ = {isa = PBXFileReference; lastKnownFileType = folder.assetcatalog; path = "Preview Assets.xcassets"; sourceTree = "<group>"; };
		0EFFA8622B2FCE8000D5D875 /* UITestingDemoTests.xctest */ = {isa = PBXFileReference; explicitFileType = wrapper.cfbundle; includeInIndex = 0; path = UITestingDemoTests.xctest; sourceTree = BUILT_PRODUCTS_DIR; };
		0EFFA8662B2FCE8000D5D875 /* UITestingDemoTests.swift */ = {isa = PBXFileReference; lastKnownFileType = sourcecode.swift; path = UITestingDemoTests.swift; sourceTree = "<group>"; };
		0EFFA86C2B2FCE8000D5D875 /* UITestingDemoUITests.xctest */ = {isa = PBXFileReference; explicitFileType = wrapper.cfbundle; includeInIndex = 0; path = UITestingDemoUITests.xctest; sourceTree = BUILT_PRODUCTS_DIR; };
		0EFFA8702B2FCE8000D5D875 /* UITestingDemoUITests.swift */ = {isa = PBXFileReference; lastKnownFileType = sourcecode.swift; path = UITestingDemoUITests.swift; sourceTree = "<group>"; };
		0EFFA8722B2FCE8000D5D875 /* UITestingDemoUITestsLaunchTests.swift */ = {isa = PBXFileReference; lastKnownFileType = sourcecode.swift; path = UITestingDemoUITestsLaunchTests.swift; sourceTree = "<group>"; };
/* End PBXFileReference section */

/* Begin PBXFrameworksBuildPhase section */
		0EFFA84F2B2FCE7E00D5D875 /* Frameworks */ = {
			isa = PBXFrameworksBuildPhase;
			buildActionMask = 2147483647;
			files = (
			);
			runOnlyForDeploymentPostprocessing = 0;
		};
		0EFFA85F2B2FCE8000D5D875 /* Frameworks */ = {
			isa = PBXFrameworksBuildPhase;
			buildActionMask = 2147483647;
			files = (
			);
			runOnlyForDeploymentPostprocessing = 0;
		};
		0EFFA8692B2FCE8000D5D875 /* Frameworks */ = {
			isa = PBXFrameworksBuildPhase;
			buildActionMask = 2147483647;
			files = (
			);
			runOnlyForDeploymentPostprocessing = 0;
		};
/* End PBXFrameworksBuildPhase section */

/* Begin PBXGroup section */
		0EFFA8492B2FCE7D00D5D875 = {
			isa = PBXGroup;
			children = (
				0EFFA8542B2FCE7E00D5D875 /* UITestingDemo */,
				0EFFA8652B2FCE8000D5D875 /* UITestingDemoTests */,
				0EFFA86F2B2FCE8000D5D875 /* UITestingDemoUITests */,
				0EFFA8532B2FCE7E00D5D875 /* Products */,
			);
			sourceTree = "<group>";
		};
		0EFFA8532B2FCE7E00D5D875 /* Products */ = {
			isa = PBXGroup;
			children = (
				0EFFA8522B2FCE7E00D5D875 /* UITestingDemo.app */,
				0EFFA8622B2FCE8000D5D875 /* UITestingDemoTests.xctest */,
				0EFFA86C2B2FCE8000D5D875 /* UITestingDemoUITests.xctest */,
			);
			name = Products;
			sourceTree = "<group>";
		};
		0EFFA8542B2FCE7E00D5D875 /* UITestingDemo */ = {
			isa = PBXGroup;
			children = (
				0EFFA8552B2FCE7E00D5D875 /* UITestingDemoApp.swift */,
				0EFFA8572B2FCE7E00D5D875 /* ContentView.swift */,
				0EFFA8592B2FCE8000D5D875 /* Assets.xcassets */,
				0EFFA85B2B2FCE8000D5D875 /* Preview Content */,
			);
			path = UITestingDemo;
			sourceTree = "<group>";
		};
		0EFFA85B2B2FCE8000D5D875 /* Preview Content */ = {
			isa = PBXGroup;
			children = (
				0EFFA85C2B2FCE8000D5D875 /* Preview Assets.xcassets */,
			);
			path = "Preview Content";
			sourceTree = "<group>";
		};
		0EFFA8652B2FCE8000D5D875 /* UITestingDemoTests */ = {
			isa = PBXGroup;
			children = (
				0EFFA8662B2FCE8000D5D875 /* UITestingDemoTests.swift */,
			);
			path = UITestingDemoTests;
			sourceTree = "<group>";
		};
		0EFFA86F2B2FCE8000D5D875 /* UITestingDemoUITests */ = {
			isa = PBXGroup;
			children = (
				0EFFA8702B2FCE8000D5D875 /* UITestingDemoUITests.swift */,
				0EFFA8722B2FCE8000D5D875 /* UITestingDemoUITestsLaunchTests.swift */,
			);
			path = UITestingDemoUITests;
			sourceTree = "<group>";
		};
/* End PBXGroup section */

/* Begin PBXNativeTarget section */
		0EFFA8512B2FCE7E00D5D875 /* UITestingDemo */ = {
			isa = PBXNativeTarget;
			buildConfigurationList = 0EFFA8762B2FCE8000D5D875 /* Build configuration list for PBXNativeTarget "UITestingDemo" */;
			buildPhases = (
				0EFFA84E2B2FCE7E00D5D875 /* Sources */,
				0EFFA84F2B2FCE7E00D5D875 /* Frameworks */,
				0EFFA8502B2FCE7E00D5D875 /* Resources */,
			);
			buildRules = (
			);
			dependencies = (
			);
			name = UITestingDemo;
			productName = UITestingDemo;
			productReference = 0EFFA8522B2FCE7E00D5D875 /* UITestingDemo.app */;
			productType = "com.apple.product-type.application";
		};
		0EFFA8612B2FCE8000D5D875 /* UITestingDemoTests */ = {
			isa = PBXNativeTarget;
			buildConfigurationList = 0EFFA8792B2FCE8000D5D875 /* Build configuration list for PBXNativeTarget "UITestingDemoTests" */;
			buildPhases = (
				0EFFA85E2B2FCE8000D5D875 /* Sources */,
				0EFFA85F2B2FCE8000D5D875 /* Frameworks */,
				0EFFA8602B2FCE8000D5D875 /* Resources */,
			);
			buildRules = (
			);
			dependencies = (
				0EFFA8642B2FCE8000D5D875 /* PBXTargetDependency */,
			);
			name = UITestingDemoTests;
			productName = UITestingDemoTests;
			productReference = 0EFFA8622B2FCE8000D5D875 /* UITestingDemoTests.xctest */;
			productType = "com.apple.product-type.bundle.unit-test";
		};
		0EFFA86B2B2FCE8000D5D875 /* UITestingDemoUITests */ = {
			isa = PBXNativeTarget;
			buildConfigurationList = 0EFFA87C2B2FCE8000D5D875 /* Build configuration list for PBXNativeTarget "UITestingDemoUITests" */;
			buildPhases = (
				0EFFA8682B2FCE8000D5D875 /* Sources */,
				0EFFA8692B2FCE8000D5D875 /* Frameworks */,
				0EFFA86A2B2FCE8000D5D875 /* Resources */,
			);
			buildRules = (
			);
			dependencies = (
				0EFFA86E2B2FCE8000D5D875 /* PBXTargetDependency */,
			);
			name = UITestingDemoUITests;
			productName = UITestingDemoUITests;
			productReference = 0EFFA86C2B2FCE8000D5D875 /* UITestingDemoUITests.xctest */;
			productType = "com.apple.product-type.bundle.ui-testing";
		};
/* End PBXNativeTarget section */

/* Begin PBXProject section */
		0EFFA84A2B2FCE7D00D5D875 /* Project object */ = {
			isa = PBXProject;
			attributes = {
				BuildIndependentTargetsInParallel = 1;
				LastSwiftUpdateCheck = 1500;
				LastUpgradeCheck = 1500;
				TargetAttributes = {
					0EFFA8512B2FCE7E00D5D875 = {
						CreatedOnToolsVersion = 15.0.1;
					};
					0EFFA8612B2FCE8000D5D875 = {
						CreatedOnToolsVersion = 15.0.1;
						TestTargetID = 0EFFA8512B2FCE7E00D5D875;
					};
					0EFFA86B2B2FCE8000D5D875 = {
						CreatedOnToolsVersion = 15.0.1;
						TestTargetID = 0EFFA8512B2FCE7E00D5D875;
					};
				};
			};
			buildConfigurationList = 0EFFA84D2B2FCE7D00D5D875 /* Build configuration list for PBXProject "UITestingDemo" */;
			compatibilityVersion = "Xcode 14.0";
			developmentRegion = en;
			hasScannedForEncodings = 0;
			knownRegions = (
				en,
				Base,
			);
			mainGroup = 0EFFA8492B2FCE7D00D5D875;
			productRefGroup = 0EFFA8532B2FCE7E00D5D875 /* Products */;
			projectDirPath = "";
			projectRoot = "";
			targets = (
				0EFFA8512B2FCE7E00D5D875 /* UITestingDemo */,
				0EFFA8612B2FCE8000D5D875 /* UITestingDemoTests */,
				0EFFA86B2B2FCE8000D5D875 /* UITestingDemoUITests */,
			);
		};
/* End PBXProject section */

/* Begin PBXResourcesBuildPhase section */
		0EFFA8502B2FCE7E00D5D875 /* Resources */ = {
			isa = PBXResourcesBuildPhase;
			buildActionMask = 2147483647;
			files = (
				0EFFA85D2B2FCE8000D5D875 /* Preview Assets.xcassets in Resources */,
				0EFFA85A2B2FCE8000D5D875 /* Assets.xcassets in Resources */,
			);
			runOnlyForDeploymentPostprocessing = 0;
		};
		0EFFA8602B2FCE8000D5D875 /* Resources */ = {
			isa = PBXResourcesBuildPhase;
			buildActionMask = 2147483647;
			files = (
			);
			runOnlyForDeploymentPostprocessing = 0;
		};
		0EFFA86A2B2FCE8000D5D875 /* Resources */ = {
			isa = PBXResourcesBuildPhase;
			buildActionMask = 2147483647;
			files = (
			);
			runOnlyForDeploymentPostprocessing = 0;
		};
/* End PBXResourcesBuildPhase section */

/* Begin PBXSourcesBuildPhase section */
		0EFFA84E2B2FCE7E00D5D875 /* Sources */ = {
			isa = PBXSourcesBuildPhase;
			buildActionMask = 2147483647;
			files = (
				0EFFA8582B2FCE7E00D5D875 /* ContentView.swift in Sources */,
				0EFFA8562B2FCE7E00D5D875 /* UITestingDemoApp.swift in Sources */,
			);
			runOnlyForDeploymentPostprocessing = 0;
		};
		0EFFA85E2B2FCE8000D5D875 /* Sources */ = {
			isa = PBXSourcesBuildPhase;
			buildActionMask = 2147483647;
			files = (
				0EFFA8672B2FCE8000D5D875 /* UITestingDemoTests.swift in Sources */,
			);
			runOnlyForDeploymentPostprocessing = 0;
		};
		0EFFA8682B2FCE8000D5D875 /* Sources */ = {
			isa = PBXSourcesBuildPhase;
			buildActionMask = 2147483647;
			files = (
				0EFFA8732B2FCE8000D5D875 /* UITestingDemoUITestsLaunchTests.swift in Sources */,
				0EFFA8712B2FCE8000D5D875 /* UITestingDemoUITests.swift in Sources */,
			);
			runOnlyForDeploymentPostprocessing = 0;
		};
/* End PBXSourcesBuildPhase section */

/* Begin PBXTargetDependency section */
		0EFFA8642B2FCE8000D5D875 /* PBXTargetDependency */ = {
			isa = PBXTargetDependency;
			target = 0EFFA8512B2FCE7E00D5D875 /* UITestingDemo */;
			targetProxy = 0EFFA8632B2FCE8000D5D875 /* PBXContainerItemProxy */;
		};
		0EFFA86E2B2FCE8000D5D875 /* PBXTargetDependency */ = {
			isa = PBXTargetDependency;
			target = 0EFFA8512B2FCE7E00D5D875 /* UITestingDemo */;
			targetProxy = 0EFFA86D2B2FCE8000D5D875 /* PBXContainerItemProxy */;
		};
/* End PBXTargetDependency section */

/* Begin XCBuildConfiguration section */
		0EFFA8742B2FCE8000D5D875 /* Debug */ = {
			isa = XCBuildConfiguration;
			buildSettings = {
				ALWAYS_SEARCH_USER_PATHS = NO;
				ASSETCATALOG_COMPILER_GENERATE_SWIFT_ASSET_SYMBOL_EXTENSIONS = YES;
				CLANG_ANALYZER_NONNULL = YES;
				CLANG_ANALYZER_NUMBER_OBJECT_CONVERSION = YES_AGGRESSIVE;
				CLANG_CXX_LANGUAGE_STANDARD = "gnu++20";
				CLANG_ENABLE_MODULES = YES;
				CLANG_ENABLE_OBJC_ARC = YES;
				CLANG_ENABLE_OBJC_WEAK = YES;
				CLANG_WARN_BLOCK_CAPTURE_AUTORELEASING = YES;
				CLANG_WARN_BOOL_CONVERSION = YES;
				CLANG_WARN_COMMA = YES;
				CLANG_WARN_CONSTANT_CONVERSION = YES;
				CLANG_WARN_DEPRECATED_OBJC_IMPLEMENTATIONS = YES;
				CLANG_WARN_DIRECT_OBJC_ISA_USAGE = YES_ERROR;
				CLANG_WARN_DOCUMENTATION_COMMENTS = YES;
				CLANG_WARN_EMPTY_BODY = YES;
				CLANG_WARN_ENUM_CONVERSION = YES;
				CLANG_WARN_INFINITE_RECURSION = YES;
				CLANG_WARN_INT_CONVERSION = YES;
				CLANG_WARN_NON_LITERAL_NULL_CONVERSION = YES;
				CLANG_WARN_OBJC_IMPLICIT_RETAIN_SELF = YES;
				CLANG_WARN_OBJC_LITERAL_CONVERSION = YES;
				CLANG_WARN_OBJC_ROOT_CLASS = YES_ERROR;
				CLANG_WARN_QUOTED_INCLUDE_IN_FRAMEWORK_HEADER = YES;
				CLANG_WARN_RANGE_LOOP_ANALYSIS = YES;
				CLANG_WARN_STRICT_PROTOTYPES = YES;
				CLANG_WARN_SUSPICIOUS_MOVE = YES;
				CLANG_WARN_UNGUARDED_AVAILABILITY = YES_AGGRESSIVE;
				CLANG_WARN_UNREACHABLE_CODE = YES;
				CLANG_WARN__DUPLICATE_METHOD_MATCH = YES;
				COPY_PHASE_STRIP = NO;
				DEBUG_INFORMATION_FORMAT = dwarf;
				ENABLE_STRICT_OBJC_MSGSEND = YES;
				ENABLE_TESTABILITY = YES;
				ENABLE_USER_SCRIPT_SANDBOXING = YES;
				GCC_C_LANGUAGE_STANDARD = gnu17;
				GCC_DYNAMIC_NO_PIC = NO;
				GCC_NO_COMMON_BLOCKS = YES;
				GCC_OPTIMIZATION_LEVEL = 0;
				GCC_PREPROCESSOR_DEFINITIONS = (
					"DEBUG=1",
					"$(inherited)",
				);
				GCC_WARN_64_TO_32_BIT_CONVERSION = YES;
				GCC_WARN_ABOUT_RETURN_TYPE = YES_ERROR;
				GCC_WARN_UNDECLARED_SELECTOR = YES;
				GCC_WARN_UNINITIALIZED_AUTOS = YES_AGGRESSIVE;
				GCC_WARN_UNUSED_FUNCTION = YES;
				GCC_WARN_UNUSED_VARIABLE = YES;
				IPHONEOS_DEPLOYMENT_TARGET = 17.0;
				LOCALIZATION_PREFERS_STRING_CATALOGS = YES;
				MTL_ENABLE_DEBUG_INFO = INCLUDE_SOURCE;
				MTL_FAST_MATH = YES;
				ONLY_ACTIVE_ARCH = YES;
				SDKROOT = iphoneos;
				SWIFT_ACTIVE_COMPILATION_CONDITIONS = "DEBUG $(inherited)";
				SWIFT_OPTIMIZATION_LEVEL = "-Onone";
			};
			name = Debug;
		};
		0EFFA8752B2FCE8000D5D875 /* Release */ = {
			isa = XCBuildConfiguration;
			buildSettings = {
				ALWAYS_SEARCH_USER_PATHS = NO;
				ASSETCATALOG_COMPILER_GENERATE_SWIFT_ASSET_SYMBOL_EXTENSIONS = YES;
				CLANG_ANALYZER_NONNULL = YES;
				CLANG_ANALYZER_NUMBER_OBJECT_CONVERSION = YES_AGGRESSIVE;
				CLANG_CXX_LANGUAGE_STANDARD = "gnu++20";
				CLANG_ENABLE_MODULES = YES;
				CLANG_ENABLE_OBJC_ARC = YES;
				CLANG_ENABLE_OBJC_WEAK = YES;
				CLANG_WARN_BLOCK_CAPTURE_AUTORELEASING = YES;
				CLANG_WARN_BOOL_CONVERSION = YES;
				CLANG_WARN_COMMA = YES;
				CLANG_WARN_CONSTANT_CONVERSION = YES;
				CLANG_WARN_DEPRECATED_OBJC_IMPLEMENTATIONS = YES;
				CLANG_WARN_DIRECT_OBJC_ISA_USAGE = YES_ERROR;
				CLANG_WARN_DOCUMENTATION_COMMENTS = YES;
				CLANG_WARN_EMPTY_BODY = YES;
				CLANG_WARN_ENUM_CONVERSION = YES;
				CLANG_WARN_INFINITE_RECURSION = YES;
				CLANG_WARN_INT_CONVERSION = YES;
				CLANG_WARN_NON_LITERAL_NULL_CONVERSION = YES;
				CLANG_WARN_OBJC_IMPLICIT_RETAIN_SELF = YES;
				CLANG_WARN_OBJC_LITERAL_CONVERSION = YES;
				CLANG_WARN_OBJC_ROOT_CLASS = YES_ERROR;
				CLANG_WARN_QUOTED_INCLUDE_IN_FRAMEWORK_HEADER = YES;
				CLANG_WARN_RANGE_LOOP_ANALYSIS = YES;
				CLANG_WARN_STRICT_PROTOTYPES = YES;
				CLANG_WARN_SUSPICIOUS_MOVE = YES;
				CLANG_WARN_UNGUARDED_AVAILABILITY = YES_AGGRESSIVE;
				CLANG_WARN_UNREACHABLE_CODE = YES;
				CLANG_WARN__DUPLICATE_METHOD_MATCH = YES;
				COPY_PHASE_STRIP = NO;
				DEBUG_INFORMATION_FORMAT = "dwarf-with-dsym";
				ENABLE_NS_ASSERTIONS = NO;
				ENABLE_STRICT_OBJC_MSGSEND = YES;
				ENABLE_USER_SCRIPT_SANDBOXING = YES;
				GCC_C_LANGUAGE_STANDARD = gnu17;
				GCC_NO_COMMON_BLOCKS = YES;
				GCC_WARN_64_TO_32_BIT_CONVERSION = YES;
				GCC_WARN_ABOUT_RETURN_TYPE = YES_ERROR;
				GCC_WARN_UNDECLARED_SELECTOR = YES;
				GCC_WARN_UNINITIALIZED_AUTOS = YES_AGGRESSIVE;
				GCC_WARN_UNUSED_FUNCTION = YES;
				GCC_WARN_UNUSED_VARIABLE = YES;
				IPHONEOS_DEPLOYMENT_TARGET = 17.0;
				LOCALIZATION_PREFERS_STRING_CATALOGS = YES;
				MTL_ENABLE_DEBUG_INFO = NO;
				MTL_FAST_MATH = YES;
				SDKROOT = iphoneos;
				SWIFT_COMPILATION_MODE = wholemodule;
				VALIDATE_PRODUCT = YES;
			};
			name = Release;
		};
		0EFFA8772B2FCE8000D5D875 /* Debug */ = {
			isa = XCBuildConfiguration;
			buildSettings = {
				ASSETCATALOG_COMPILER_APPICON_NAME = AppIcon;
				ASSETCATALOG_COMPILER_GLOBAL_ACCENT_COLOR_NAME = AccentColor;
				CODE_SIGN_STYLE = Automatic;
				CURRENT_PROJECT_VERSION = 1;
				DEVELOPMENT_ASSET_PATHS = "\"UITestingDemo/Preview Content\"";
				DEVELOPMENT_TEAM = BQUJTNYMGY;
				ENABLE_PREVIEWS = YES;
				GENERATE_INFOPLIST_FILE = YES;
				INFOPLIST_KEY_UIApplicationSceneManifest_Generation = YES;
				INFOPLIST_KEY_UIApplicationSupportsIndirectInputEvents = YES;
				INFOPLIST_KEY_UILaunchScreen_Generation = YES;
				INFOPLIST_KEY_UISupportedInterfaceOrientations_iPad = "UIInterfaceOrientationPortrait UIInterfaceOrientationPortraitUpsideDown UIInterfaceOrientationLandscapeLeft UIInterfaceOrientationLandscapeRight";
				INFOPLIST_KEY_UISupportedInterfaceOrientations_iPhone = "UIInterfaceOrientationPortrait UIInterfaceOrientationLandscapeLeft UIInterfaceOrientationLandscapeRight";
				LD_RUNPATH_SEARCH_PATHS = (
					"$(inherited)",
					"@executable_path/Frameworks",
				);
				MARKETING_VERSION = 1.0;
				PRODUCT_BUNDLE_IDENTIFIER = wonny.UITestingDemo;
				PRODUCT_NAME = "$(TARGET_NAME)";
				SWIFT_EMIT_LOC_STRINGS = YES;
				SWIFT_VERSION = 5.0;
				TARGETED_DEVICE_FAMILY = "1,2";
			};
			name = Debug;
		};
		0EFFA8782B2FCE8000D5D875 /* Release */ = {
			isa = XCBuildConfiguration;
			buildSettings = {
				ASSETCATALOG_COMPILER_APPICON_NAME = AppIcon;
				ASSETCATALOG_COMPILER_GLOBAL_ACCENT_COLOR_NAME = AccentColor;
				CODE_SIGN_STYLE = Automatic;
				CURRENT_PROJECT_VERSION = 1;
				DEVELOPMENT_ASSET_PATHS = "\"UITestingDemo/Preview Content\"";
				DEVELOPMENT_TEAM = BQUJTNYMGY;
				ENABLE_PREVIEWS = YES;
				GENERATE_INFOPLIST_FILE = YES;
				INFOPLIST_KEY_UIApplicationSceneManifest_Generation = YES;
				INFOPLIST_KEY_UIApplicationSupportsIndirectInputEvents = YES;
				INFOPLIST_KEY_UILaunchScreen_Generation = YES;
				INFOPLIST_KEY_UISupportedInterfaceOrientations_iPad = "UIInterfaceOrientationPortrait UIInterfaceOrientationPortraitUpsideDown UIInterfaceOrientationLandscapeLeft UIInterfaceOrientationLandscapeRight";
				INFOPLIST_KEY_UISupportedInterfaceOrientations_iPhone = "UIInterfaceOrientationPortrait UIInterfaceOrientationLandscapeLeft UIInterfaceOrientationLandscapeRight";
				LD_RUNPATH_SEARCH_PATHS = (
					"$(inherited)",
					"@executable_path/Frameworks",
				);
				MARKETING_VERSION = 1.0;
				PRODUCT_BUNDLE_IDENTIFIER = wonny.UITestingDemo;
				PRODUCT_NAME = "$(TARGET_NAME)";
				SWIFT_EMIT_LOC_STRINGS = YES;
				SWIFT_VERSION = 5.0;
				TARGETED_DEVICE_FAMILY = "1,2";
			};
			name = Release;
		};
		0EFFA87A2B2FCE8000D5D875 /* Debug */ = {
			isa = XCBuildConfiguration;
			buildSettings = {
				ALWAYS_EMBED_SWIFT_STANDARD_LIBRARIES = YES;
				BUNDLE_LOADER = "$(TEST_HOST)";
				CODE_SIGN_STYLE = Automatic;
				CURRENT_PROJECT_VERSION = 1;
				DEVELOPMENT_TEAM = BQUJTNYMGY;
				GENERATE_INFOPLIST_FILE = YES;
				IPHONEOS_DEPLOYMENT_TARGET = 17.0;
				MARKETING_VERSION = 1.0;
				PRODUCT_BUNDLE_IDENTIFIER = wonny.UITestingDemoTests;
				PRODUCT_NAME = "$(TARGET_NAME)";
				SWIFT_EMIT_LOC_STRINGS = NO;
				SWIFT_VERSION = 5.0;
				TARGETED_DEVICE_FAMILY = "1,2";
				TEST_HOST = "$(BUILT_PRODUCTS_DIR)/UITestingDemo.app/$(BUNDLE_EXECUTABLE_FOLDER_PATH)/UITestingDemo";
			};
			name = Debug;
		};
		0EFFA87B2B2FCE8000D5D875 /* Release */ = {
			isa = XCBuildConfiguration;
			buildSettings = {
				ALWAYS_EMBED_SWIFT_STANDARD_LIBRARIES = YES;
				BUNDLE_LOADER = "$(TEST_HOST)";
				CODE_SIGN_STYLE = Automatic;
				CURRENT_PROJECT_VERSION = 1;
				DEVELOPMENT_TEAM = BQUJTNYMGY;
				GENERATE_INFOPLIST_FILE = YES;
				IPHONEOS_DEPLOYMENT_TARGET = 17.0;
				MARKETING_VERSION = 1.0;
				PRODUCT_BUNDLE_IDENTIFIER = wonny.UITestingDemoTests;
				PRODUCT_NAME = "$(TARGET_NAME)";
				SWIFT_EMIT_LOC_STRINGS = NO;
				SWIFT_VERSION = 5.0;
				TARGETED_DEVICE_FAMILY = "1,2";
				TEST_HOST = "$(BUILT_PRODUCTS_DIR)/UITestingDemo.app/$(BUNDLE_EXECUTABLE_FOLDER_PATH)/UITestingDemo";
			};
			name = Release;
		};
		0EFFA87D2B2FCE8000D5D875 /* Debug */ = {
			isa = XCBuildConfiguration;
			buildSettings = {
				ALWAYS_EMBED_SWIFT_STANDARD_LIBRARIES = YES;
				CODE_SIGN_STYLE = Automatic;
				CURRENT_PROJECT_VERSION = 1;
				DEVELOPMENT_TEAM = BQUJTNYMGY;
				GENERATE_INFOPLIST_FILE = YES;
				MARKETING_VERSION = 1.0;
				PRODUCT_BUNDLE_IDENTIFIER = wonny.UITestingDemoUITests;
				PRODUCT_NAME = "$(TARGET_NAME)";
				SWIFT_EMIT_LOC_STRINGS = NO;
				SWIFT_VERSION = 5.0;
				TARGETED_DEVICE_FAMILY = "1,2";
				TEST_TARGET_NAME = UITestingDemo;
			};
			name = Debug;
		};
		0EFFA87E2B2FCE8000D5D875 /* Release */ = {
			isa = XCBuildConfiguration;
			buildSettings = {
				ALWAYS_EMBED_SWIFT_STANDARD_LIBRARIES = YES;
				CODE_SIGN_STYLE = Automatic;
				CURRENT_PROJECT_VERSION = 1;
				DEVELOPMENT_TEAM = BQUJTNYMGY;
				GENERATE_INFOPLIST_FILE = YES;
				MARKETING_VERSION = 1.0;
				PRODUCT_BUNDLE_IDENTIFIER = wonny.UITestingDemoUITests;
				PRODUCT_NAME = "$(TARGET_NAME)";
				SWIFT_EMIT_LOC_STRINGS = NO;
				SWIFT_VERSION = 5.0;
				TARGETED_DEVICE_FAMILY = "1,2";
				TEST_TARGET_NAME = UITestingDemo;
			};
			name = Release;
		};
/* End XCBuildConfiguration section */

/* Begin XCConfigurationList section */
		0EFFA84D2B2FCE7D00D5D875 /* Build configuration list for PBXProject "UITestingDemo" */ = {
			isa = XCConfigurationList;
			buildConfigurations = (
				0EFFA8742B2FCE8000D5D875 /* Debug */,
				0EFFA8752B2FCE8000D5D875 /* Release */,
			);
			defaultConfigurationIsVisible = 0;
			defaultConfigurationName = Release;
		};
		0EFFA8762B2FCE8000D5D875 /* Build configuration list for PBXNativeTarget "UITestingDemo" */ = {
			isa = XCConfigurationList;
			buildConfigurations = (
				0EFFA8772B2FCE8000D5D875 /* Debug */,
				0EFFA8782B2FCE8000D5D875 /* Release */,
			);
			defaultConfigurationIsVisible = 0;
			defaultConfigurationName = Release;
		};
		0EFFA8792B2FCE8000D5D875 /* Build configuration list for PBXNativeTarget "UITestingDemoTests" */ = {
			isa = XCConfigurationList;
			buildConfigurations = (
				0EFFA87A2B2FCE8000D5D875 /* Debug */,
				0EFFA87B2B2FCE8000D5D875 /* Release */,
			);
			defaultConfigurationIsVisible = 0;
			defaultConfigurationName = Release;
		};
		0EFFA87C2B2FCE8000D5D875 /* Build configuration list for PBXNativeTarget "UITestingDemoUITests" */ = {
			isa = XCConfigurationList;
			buildConfigurations = (
				0EFFA87D2B2FCE8000D5D875 /* Debug */,
				0EFFA87E2B2FCE8000D5D875 /* Release */,
			);
			defaultConfigurationIsVisible = 0;
			defaultConfigurationName = Release;
		};
/* End XCConfigurationList section */
	};
	rootObject = 0EFFA84A2B2FCE7D00D5D875 /* Project object */;
}
