// !$*UTF8*$!
{
	archiveVersion = 1;
	classes = {
	};
	objectVersion = 56;
	objects = {

/* Begin PBXBuildFile section */
		0EFFA9872B3BB44000D5D875 /* CoreDataApp.swift in Sources */ = {isa = PBXBuildFile; fileRef = 0EFFA9862B3BB44000D5D875 /* CoreDataApp.swift */; };
		0EFFA9892B3BB44000D5D875 /* ContentView.swift in Sources */ = {isa = PBXBuildFile; fileRef = 0EFFA9882B3BB44000D5D875 /* ContentView.swift */; };
		0EFFA98B2B3BB44200D5D875 /* Assets.xcassets in Resources */ = {isa = PBXBuildFile; fileRef = 0EFFA98A2B3BB44200D5D875 /* Assets.xcassets */; };
		0EFFA98E2B3BB44200D5D875 /* Preview Assets.xcassets in Resources */ = {isa = PBXBuildFile; fileRef = 0EFFA98D2B3BB44200D5D875 /* Preview Assets.xcassets */; };
		0EFFA9902B3BB44200D5D875 /* Persistence.swift in Sources */ = {isa = PBXBuildFile; fileRef = 0EFFA98F2B3BB44200D5D875 /* Persistence.swift */; };
		0EFFA9932B3BB44200D5D875 /* CoreData.xcdatamodeld in Sources */ = {isa = PBXBuildFile; fileRef = 0EFFA9912B3BB44200D5D875 /* CoreData.xcdatamodeld */; };
		0EFFA99D2B3BB44200D5D875 /* CoreDataTests.swift in Sources */ = {isa = PBXBuildFile; fileRef = 0EFFA99C2B3BB44200D5D875 /* CoreDataTests.swift */; };
		0EFFA9A72B3BB44200D5D875 /* CoreDataUITests.swift in Sources */ = {isa = PBXBuildFile; fileRef = 0EFFA9A62B3BB44200D5D875 /* CoreDataUITests.swift */; };
		0EFFA9A92B3BB44200D5D875 /* CoreDataUITestsLaunchTests.swift in Sources */ = {isa = PBXBuildFile; fileRef = 0EFFA9A82B3BB44200D5D875 /* CoreDataUITestsLaunchTests.swift */; };
/* End PBXBuildFile section */

/* Begin PBXContainerItemProxy section */
		0EFFA9992B3BB44200D5D875 /* PBXContainerItemProxy */ = {
			isa = PBXContainerItemProxy;
			containerPortal = 0EFFA97B2B3BB44000D5D875 /* Project object */;
			proxyType = 1;
			remoteGlobalIDString = 0EFFA9822B3BB44000D5D875;
			remoteInfo = CoreData;
		};
		0EFFA9A32B3BB44200D5D875 /* PBXContainerItemProxy */ = {
			isa = PBXContainerItemProxy;
			containerPortal = 0EFFA97B2B3BB44000D5D875 /* Project object */;
			proxyType = 1;
			remoteGlobalIDString = 0EFFA9822B3BB44000D5D875;
			remoteInfo = CoreData;
		};
/* End PBXContainerItemProxy section */

/* Begin PBXFileReference section */
		0EFFA9832B3BB44000D5D875 /* CoreData.app */ = {isa = PBXFileReference; explicitFileType = wrapper.application; includeInIndex = 0; path = CoreData.app; sourceTree = BUILT_PRODUCTS_DIR; };
		0EFFA9862B3BB44000D5D875 /* CoreDataApp.swift */ = {isa = PBXFileReference; lastKnownFileType = sourcecode.swift; path = CoreDataApp.swift; sourceTree = "<group>"; };
		0EFFA9882B3BB44000D5D875 /* ContentView.swift */ = {isa = PBXFileReference; lastKnownFileType = sourcecode.swift; path = ContentView.swift; sourceTree = "<group>"; };
		0EFFA98A2B3BB44200D5D875 /* Assets.xcassets */ = {isa = PBXFileReference; lastKnownFileType = folder.assetcatalog; path = Assets.xcassets; sourceTree = "<group>"; };
		0EFFA98D2B3BB44200D5D875 /* Preview Assets.xcassets */ = {isa = PBXFileReference; lastKnownFileType = folder.assetcatalog; path = "Preview Assets.xcassets"; sourceTree = "<group>"; };
		0EFFA98F2B3BB44200D5D875 /* Persistence.swift */ = {isa = PBXFileReference; lastKnownFileType = sourcecode.swift; path = Persistence.swift; sourceTree = "<group>"; };
		0EFFA9922B3BB44200D5D875 /* CoreData.xcdatamodel */ = {isa = PBXFileReference; lastKnownFileType = wrapper.xcdatamodel; path = CoreData.xcdatamodel; sourceTree = "<group>"; };
		0EFFA9982B3BB44200D5D875 /* CoreDataTests.xctest */ = {isa = PBXFileReference; explicitFileType = wrapper.cfbundle; includeInIndex = 0; path = CoreDataTests.xctest; sourceTree = BUILT_PRODUCTS_DIR; };
		0EFFA99C2B3BB44200D5D875 /* CoreDataTests.swift */ = {isa = PBXFileReference; lastKnownFileType = sourcecode.swift; path = CoreDataTests.swift; sourceTree = "<group>"; };
		0EFFA9A22B3BB44200D5D875 /* CoreDataUITests.xctest */ = {isa = PBXFileReference; explicitFileType = wrapper.cfbundle; includeInIndex = 0; path = CoreDataUITests.xctest; sourceTree = BUILT_PRODUCTS_DIR; };
		0EFFA9A62B3BB44200D5D875 /* CoreDataUITests.swift */ = {isa = PBXFileReference; lastKnownFileType = sourcecode.swift; path = CoreDataUITests.swift; sourceTree = "<group>"; };
		0EFFA9A82B3BB44200D5D875 /* CoreDataUITestsLaunchTests.swift */ = {isa = PBXFileReference; lastKnownFileType = sourcecode.swift; path = CoreDataUITestsLaunchTests.swift; sourceTree = "<group>"; };
/* End PBXFileReference section */

/* Begin PBXFrameworksBuildPhase section */
		0EFFA9802B3BB44000D5D875 /* Frameworks */ = {
			isa = PBXFrameworksBuildPhase;
			buildActionMask = 2147483647;
			files = (
			);
			runOnlyForDeploymentPostprocessing = 0;
		};
		0EFFA9952B3BB44200D5D875 /* Frameworks */ = {
			isa = PBXFrameworksBuildPhase;
			buildActionMask = 2147483647;
			files = (
			);
			runOnlyForDeploymentPostprocessing = 0;
		};
		0EFFA99F2B3BB44200D5D875 /* Frameworks */ = {
			isa = PBXFrameworksBuildPhase;
			buildActionMask = 2147483647;
			files = (
			);
			runOnlyForDeploymentPostprocessing = 0;
		};
/* End PBXFrameworksBuildPhase section */

/* Begin PBXGroup section */
		0EFFA97A2B3BB44000D5D875 = {
			isa = PBXGroup;
			children = (
				0EFFA9852B3BB44000D5D875 /* CoreData */,
				0EFFA99B2B3BB44200D5D875 /* CoreDataTests */,
				0EFFA9A52B3BB44200D5D875 /* CoreDataUITests */,
				0EFFA9842B3BB44000D5D875 /* Products */,
			);
			sourceTree = "<group>";
		};
		0EFFA9842B3BB44000D5D875 /* Products */ = {
			isa = PBXGroup;
			children = (
				0EFFA9832B3BB44000D5D875 /* CoreData.app */,
				0EFFA9982B3BB44200D5D875 /* CoreDataTests.xctest */,
				0EFFA9A22B3BB44200D5D875 /* CoreDataUITests.xctest */,
			);
			name = Products;
			sourceTree = "<group>";
		};
		0EFFA9852B3BB44000D5D875 /* CoreData */ = {
			isa = PBXGroup;
			children = (
				0EFFA9862B3BB44000D5D875 /* CoreDataApp.swift */,
				0EFFA9882B3BB44000D5D875 /* ContentView.swift */,
				0EFFA98A2B3BB44200D5D875 /* Assets.xcassets */,
				0EFFA98F2B3BB44200D5D875 /* Persistence.swift */,
				0EFFA9912B3BB44200D5D875 /* CoreData.xcdatamodeld */,
				0EFFA98C2B3BB44200D5D875 /* Preview Content */,
			);
			path = CoreData;
			sourceTree = "<group>";
		};
		0EFFA98C2B3BB44200D5D875 /* Preview Content */ = {
			isa = PBXGroup;
			children = (
				0EFFA98D2B3BB44200D5D875 /* Preview Assets.xcassets */,
			);
			path = "Preview Content";
			sourceTree = "<group>";
		};
		0EFFA99B2B3BB44200D5D875 /* CoreDataTests */ = {
			isa = PBXGroup;
			children = (
				0EFFA99C2B3BB44200D5D875 /* CoreDataTests.swift */,
			);
			path = CoreDataTests;
			sourceTree = "<group>";
		};
		0EFFA9A52B3BB44200D5D875 /* CoreDataUITests */ = {
			isa = PBXGroup;
			children = (
				0EFFA9A62B3BB44200D5D875 /* CoreDataUITests.swift */,
				0EFFA9A82B3BB44200D5D875 /* CoreDataUITestsLaunchTests.swift */,
			);
			path = CoreDataUITests;
			sourceTree = "<group>";
		};
/* End PBXGroup section */

/* Begin PBXNativeTarget section */
		0EFFA9822B3BB44000D5D875 /* CoreData */ = {
			isa = PBXNativeTarget;
			buildConfigurationList = 0EFFA9AC2B3BB44200D5D875 /* Build configuration list for PBXNativeTarget "CoreData" */;
			buildPhases = (
				0EFFA97F2B3BB44000D5D875 /* Sources */,
				0EFFA9802B3BB44000D5D875 /* Frameworks */,
				0EFFA9812B3BB44000D5D875 /* Resources */,
			);
			buildRules = (
			);
			dependencies = (
			);
			name = CoreData;
			productName = CoreData;
			productReference = 0EFFA9832B3BB44000D5D875 /* CoreData.app */;
			productType = "com.apple.product-type.application";
		};
		0EFFA9972B3BB44200D5D875 /* CoreDataTests */ = {
			isa = PBXNativeTarget;
			buildConfigurationList = 0EFFA9AF2B3BB44200D5D875 /* Build configuration list for PBXNativeTarget "CoreDataTests" */;
			buildPhases = (
				0EFFA9942B3BB44200D5D875 /* Sources */,
				0EFFA9952B3BB44200D5D875 /* Frameworks */,
				0EFFA9962B3BB44200D5D875 /* Resources */,
			);
			buildRules = (
			);
			dependencies = (
				0EFFA99A2B3BB44200D5D875 /* PBXTargetDependency */,
			);
			name = CoreDataTests;
			productName = CoreDataTests;
			productReference = 0EFFA9982B3BB44200D5D875 /* CoreDataTests.xctest */;
			productType = "com.apple.product-type.bundle.unit-test";
		};
		0EFFA9A12B3BB44200D5D875 /* CoreDataUITests */ = {
			isa = PBXNativeTarget;
			buildConfigurationList = 0EFFA9B22B3BB44200D5D875 /* Build configuration list for PBXNativeTarget "CoreDataUITests" */;
			buildPhases = (
				0EFFA99E2B3BB44200D5D875 /* Sources */,
				0EFFA99F2B3BB44200D5D875 /* Frameworks */,
				0EFFA9A02B3BB44200D5D875 /* Resources */,
			);
			buildRules = (
			);
			dependencies = (
				0EFFA9A42B3BB44200D5D875 /* PBXTargetDependency */,
			);
			name = CoreDataUITests;
			productName = CoreDataUITests;
			productReference = 0EFFA9A22B3BB44200D5D875 /* CoreDataUITests.xctest */;
			productType = "com.apple.product-type.bundle.ui-testing";
		};
/* End PBXNativeTarget section */

/* Begin PBXProject section */
		0EFFA97B2B3BB44000D5D875 /* Project object */ = {
			isa = PBXProject;
			attributes = {
				BuildIndependentTargetsInParallel = 1;
				LastSwiftUpdateCheck = 1500;
				LastUpgradeCheck = 1500;
				TargetAttributes = {
					0EFFA9822B3BB44000D5D875 = {
						CreatedOnToolsVersion = 15.0.1;
					};
					0EFFA9972B3BB44200D5D875 = {
						CreatedOnToolsVersion = 15.0.1;
						TestTargetID = 0EFFA9822B3BB44000D5D875;
					};
					0EFFA9A12B3BB44200D5D875 = {
						CreatedOnToolsVersion = 15.0.1;
						TestTargetID = 0EFFA9822B3BB44000D5D875;
					};
				};
			};
			buildConfigurationList = 0EFFA97E2B3BB44000D5D875 /* Build configuration list for PBXProject "CoreData" */;
			compatibilityVersion = "Xcode 14.0";
			developmentRegion = en;
			hasScannedForEncodings = 0;
			knownRegions = (
				en,
				Base,
			);
			mainGroup = 0EFFA97A2B3BB44000D5D875;
			productRefGroup = 0EFFA9842B3BB44000D5D875 /* Products */;
			projectDirPath = "";
			projectRoot = "";
			targets = (
				0EFFA9822B3BB44000D5D875 /* CoreData */,
				0EFFA9972B3BB44200D5D875 /* CoreDataTests */,
				0EFFA9A12B3BB44200D5D875 /* CoreDataUITests */,
			);
		};
/* End PBXProject section */

/* Begin PBXResourcesBuildPhase section */
		0EFFA9812B3BB44000D5D875 /* Resources */ = {
			isa = PBXResourcesBuildPhase;
			buildActionMask = 2147483647;
			files = (
				0EFFA98E2B3BB44200D5D875 /* Preview Assets.xcassets in Resources */,
				0EFFA98B2B3BB44200D5D875 /* Assets.xcassets in Resources */,
			);
			runOnlyForDeploymentPostprocessing = 0;
		};
		0EFFA9962B3BB44200D5D875 /* Resources */ = {
			isa = PBXResourcesBuildPhase;
			buildActionMask = 2147483647;
			files = (
			);
			runOnlyForDeploymentPostprocessing = 0;
		};
		0EFFA9A02B3BB44200D5D875 /* Resources */ = {
			isa = PBXResourcesBuildPhase;
			buildActionMask = 2147483647;
			files = (
			);
			runOnlyForDeploymentPostprocessing = 0;
		};
/* End PBXResourcesBuildPhase section */

/* Begin PBXSourcesBuildPhase section */
		0EFFA97F2B3BB44000D5D875 /* Sources */ = {
			isa = PBXSourcesBuildPhase;
			buildActionMask = 2147483647;
			files = (
				0EFFA9932B3BB44200D5D875 /* CoreData.xcdatamodeld in Sources */,
				0EFFA9902B3BB44200D5D875 /* Persistence.swift in Sources */,
				0EFFA9892B3BB44000D5D875 /* ContentView.swift in Sources */,
				0EFFA9872B3BB44000D5D875 /* CoreDataApp.swift in Sources */,
			);
			runOnlyForDeploymentPostprocessing = 0;
		};
		0EFFA9942B3BB44200D5D875 /* Sources */ = {
			isa = PBXSourcesBuildPhase;
			buildActionMask = 2147483647;
			files = (
				0EFFA99D2B3BB44200D5D875 /* CoreDataTests.swift in Sources */,
			);
			runOnlyForDeploymentPostprocessing = 0;
		};
		0EFFA99E2B3BB44200D5D875 /* Sources */ = {
			isa = PBXSourcesBuildPhase;
			buildActionMask = 2147483647;
			files = (
				0EFFA9A92B3BB44200D5D875 /* CoreDataUITestsLaunchTests.swift in Sources */,
				0EFFA9A72B3BB44200D5D875 /* CoreDataUITests.swift in Sources */,
			);
			runOnlyForDeploymentPostprocessing = 0;
		};
/* End PBXSourcesBuildPhase section */

/* Begin PBXTargetDependency section */
		0EFFA99A2B3BB44200D5D875 /* PBXTargetDependency */ = {
			isa = PBXTargetDependency;
			target = 0EFFA9822B3BB44000D5D875 /* CoreData */;
			targetProxy = 0EFFA9992B3BB44200D5D875 /* PBXContainerItemProxy */;
		};
		0EFFA9A42B3BB44200D5D875 /* PBXTargetDependency */ = {
			isa = PBXTargetDependency;
			target = 0EFFA9822B3BB44000D5D875 /* CoreData */;
			targetProxy = 0EFFA9A32B3BB44200D5D875 /* PBXContainerItemProxy */;
		};
/* End PBXTargetDependency section */

/* Begin XCBuildConfiguration section */
		0EFFA9AA2B3BB44200D5D875 /* Debug */ = {
			isa = XCBuildConfiguration;
			buildSettings = {
				ALWAYS_SEARCH_USER_PATHS = NO;
				ASSETCATALOG_COMPILER_GENERATE_SWIFT_ASSET_SYMBOL_EXTENSIONS = YES;
				CLANG_ANALYZER_NONNULL = YES;
				CLANG_ANALYZER_NUMBER_OBJECT_CONVERSION = YES_AGGRESSIVE;
				CLANG_CXX_LANGUAGE_STANDARD = "gnu++20";
				CLANG_ENABLE_MODULES = YES;
				CLANG_ENABLE_OBJC_ARC = YES;
				CLANG_ENABLE_OBJC_WEAK = YES;
				CLANG_WARN_BLOCK_CAPTURE_AUTORELEASING = YES;
				CLANG_WARN_BOOL_CONVERSION = YES;
				CLANG_WARN_COMMA = YES;
				CLANG_WARN_CONSTANT_CONVERSION = YES;
				CLANG_WARN_DEPRECATED_OBJC_IMPLEMENTATIONS = YES;
				CLANG_WARN_DIRECT_OBJC_ISA_USAGE = YES_ERROR;
				CLANG_WARN_DOCUMENTATION_COMMENTS = YES;
				CLANG_WARN_EMPTY_BODY = YES;
				CLANG_WARN_ENUM_CONVERSION = YES;
				CLANG_WARN_INFINITE_RECURSION = YES;
				CLANG_WARN_INT_CONVERSION = YES;
				CLANG_WARN_NON_LITERAL_NULL_CONVERSION = YES;
				CLANG_WARN_OBJC_IMPLICIT_RETAIN_SELF = YES;
				CLANG_WARN_OBJC_LITERAL_CONVERSION = YES;
				CLANG_WARN_OBJC_ROOT_CLASS = YES_ERROR;
				CLANG_WARN_QUOTED_INCLUDE_IN_FRAMEWORK_HEADER = YES;
				CLANG_WARN_RANGE_LOOP_ANALYSIS = YES;
				CLANG_WARN_STRICT_PROTOTYPES = YES;
				CLANG_WARN_SUSPICIOUS_MOVE = YES;
				CLANG_WARN_UNGUARDED_AVAILABILITY = YES_AGGRESSIVE;
				CLANG_WARN_UNREACHABLE_CODE = YES;
				CLANG_WARN__DUPLICATE_METHOD_MATCH = YES;
				COPY_PHASE_STRIP = NO;
				DEBUG_INFORMATION_FORMAT = dwarf;
				ENABLE_STRICT_OBJC_MSGSEND = YES;
				ENABLE_TESTABILITY = YES;
				ENABLE_USER_SCRIPT_SANDBOXING = YES;
				GCC_C_LANGUAGE_STANDARD = gnu17;
				GCC_DYNAMIC_NO_PIC = NO;
				GCC_NO_COMMON_BLOCKS = YES;
				GCC_OPTIMIZATION_LEVEL = 0;
				GCC_PREPROCESSOR_DEFINITIONS = (
					"DEBUG=1",
					"$(inherited)",
				);
				GCC_WARN_64_TO_32_BIT_CONVERSION = YES;
				GCC_WARN_ABOUT_RETURN_TYPE = YES_ERROR;
				GCC_WARN_UNDECLARED_SELECTOR = YES;
				GCC_WARN_UNINITIALIZED_AUTOS = YES_AGGRESSIVE;
				GCC_WARN_UNUSED_FUNCTION = YES;
				GCC_WARN_UNUSED_VARIABLE = YES;
				IPHONEOS_DEPLOYMENT_TARGET = 17.0;
				LOCALIZATION_PREFERS_STRING_CATALOGS = YES;
				MTL_ENABLE_DEBUG_INFO = INCLUDE_SOURCE;
				MTL_FAST_MATH = YES;
				ONLY_ACTIVE_ARCH = YES;
				SDKROOT = iphoneos;
				SWIFT_ACTIVE_COMPILATION_CONDITIONS = "DEBUG $(inherited)";
				SWIFT_OPTIMIZATION_LEVEL = "-Onone";
			};
			name = Debug;
		};
		0EFFA9AB2B3BB44200D5D875 /* Release */ = {
			isa = XCBuildConfiguration;
			buildSettings = {
				ALWAYS_SEARCH_USER_PATHS = NO;
				ASSETCATALOG_COMPILER_GENERATE_SWIFT_ASSET_SYMBOL_EXTENSIONS = YES;
				CLANG_ANALYZER_NONNULL = YES;
				CLANG_ANALYZER_NUMBER_OBJECT_CONVERSION = YES_AGGRESSIVE;
				CLANG_CXX_LANGUAGE_STANDARD = "gnu++20";
				CLANG_ENABLE_MODULES = YES;
				CLANG_ENABLE_OBJC_ARC = YES;
				CLANG_ENABLE_OBJC_WEAK = YES;
				CLANG_WARN_BLOCK_CAPTURE_AUTORELEASING = YES;
				CLANG_WARN_BOOL_CONVERSION = YES;
				CLANG_WARN_COMMA = YES;
				CLANG_WARN_CONSTANT_CONVERSION = YES;
				CLANG_WARN_DEPRECATED_OBJC_IMPLEMENTATIONS = YES;
				CLANG_WARN_DIRECT_OBJC_ISA_USAGE = YES_ERROR;
				CLANG_WARN_DOCUMENTATION_COMMENTS = YES;
				CLANG_WARN_EMPTY_BODY = YES;
				CLANG_WARN_ENUM_CONVERSION = YES;
				CLANG_WARN_INFINITE_RECURSION = YES;
				CLANG_WARN_INT_CONVERSION = YES;
				CLANG_WARN_NON_LITERAL_NULL_CONVERSION = YES;
				CLANG_WARN_OBJC_IMPLICIT_RETAIN_SELF = YES;
				CLANG_WARN_OBJC_LITERAL_CONVERSION = YES;
				CLANG_WARN_OBJC_ROOT_CLASS = YES_ERROR;
				CLANG_WARN_QUOTED_INCLUDE_IN_FRAMEWORK_HEADER = YES;
				CLANG_WARN_RANGE_LOOP_ANALYSIS = YES;
				CLANG_WARN_STRICT_PROTOTYPES = YES;
				CLANG_WARN_SUSPICIOUS_MOVE = YES;
				CLANG_WARN_UNGUARDED_AVAILABILITY = YES_AGGRESSIVE;
				CLANG_WARN_UNREACHABLE_CODE = YES;
				CLANG_WARN__DUPLICATE_METHOD_MATCH = YES;
				COPY_PHASE_STRIP = NO;
				DEBUG_INFORMATION_FORMAT = "dwarf-with-dsym";
				ENABLE_NS_ASSERTIONS = NO;
				ENABLE_STRICT_OBJC_MSGSEND = YES;
				ENABLE_USER_SCRIPT_SANDBOXING = YES;
				GCC_C_LANGUAGE_STANDARD = gnu17;
				GCC_NO_COMMON_BLOCKS = YES;
				GCC_WARN_64_TO_32_BIT_CONVERSION = YES;
				GCC_WARN_ABOUT_RETURN_TYPE = YES_ERROR;
				GCC_WARN_UNDECLARED_SELECTOR = YES;
				GCC_WARN_UNINITIALIZED_AUTOS = YES_AGGRESSIVE;
				GCC_WARN_UNUSED_FUNCTION = YES;
				GCC_WARN_UNUSED_VARIABLE = YES;
				IPHONEOS_DEPLOYMENT_TARGET = 17.0;
				LOCALIZATION_PREFERS_STRING_CATALOGS = YES;
				MTL_ENABLE_DEBUG_INFO = NO;
				MTL_FAST_MATH = YES;
				SDKROOT = iphoneos;
				SWIFT_COMPILATION_MODE = wholemodule;
				VALIDATE_PRODUCT = YES;
			};
			name = Release;
		};
		0EFFA9AD2B3BB44200D5D875 /* Debug */ = {
			isa = XCBuildConfiguration;
			buildSettings = {
				ASSETCATALOG_COMPILER_APPICON_NAME = AppIcon;
				ASSETCATALOG_COMPILER_GLOBAL_ACCENT_COLOR_NAME = AccentColor;
				CODE_SIGN_STYLE = Automatic;
				CURRENT_PROJECT_VERSION = 1;
				DEVELOPMENT_ASSET_PATHS = "\"CoreData/Preview Content\"";
				DEVELOPMENT_TEAM = BQUJTNYMGY;
				ENABLE_PREVIEWS = YES;
				GENERATE_INFOPLIST_FILE = YES;
				INFOPLIST_KEY_UIApplicationSceneManifest_Generation = YES;
				INFOPLIST_KEY_UIApplicationSupportsIndirectInputEvents = YES;
				INFOPLIST_KEY_UILaunchScreen_Generation = YES;
				INFOPLIST_KEY_UISupportedInterfaceOrientations_iPad = "UIInterfaceOrientationPortrait UIInterfaceOrientationPortraitUpsideDown UIInterfaceOrientationLandscapeLeft UIInterfaceOrientationLandscapeRight";
				INFOPLIST_KEY_UISupportedInterfaceOrientations_iPhone = "UIInterfaceOrientationPortrait UIInterfaceOrientationLandscapeLeft UIInterfaceOrientationLandscapeRight";
				LD_RUNPATH_SEARCH_PATHS = (
					"$(inherited)",
					"@executable_path/Frameworks",
				);
				MARKETING_VERSION = 1.0;
				PRODUCT_BUNDLE_IDENTIFIER = wonny.CoreData;
				PRODUCT_NAME = "$(TARGET_NAME)";
				SWIFT_EMIT_LOC_STRINGS = YES;
				SWIFT_VERSION = 5.0;
				TARGETED_DEVICE_FAMILY = "1,2";
			};
			name = Debug;
		};
		0EFFA9AE2B3BB44200D5D875 /* Release */ = {
			isa = XCBuildConfiguration;
			buildSettings = {
				ASSETCATALOG_COMPILER_APPICON_NAME = AppIcon;
				ASSETCATALOG_COMPILER_GLOBAL_ACCENT_COLOR_NAME = AccentColor;
				CODE_SIGN_STYLE = Automatic;
				CURRENT_PROJECT_VERSION = 1;
				DEVELOPMENT_ASSET_PATHS = "\"CoreData/Preview Content\"";
				DEVELOPMENT_TEAM = BQUJTNYMGY;
				ENABLE_PREVIEWS = YES;
				GENERATE_INFOPLIST_FILE = YES;
				INFOPLIST_KEY_UIApplicationSceneManifest_Generation = YES;
				INFOPLIST_KEY_UIApplicationSupportsIndirectInputEvents = YES;
				INFOPLIST_KEY_UILaunchScreen_Generation = YES;
				INFOPLIST_KEY_UISupportedInterfaceOrientations_iPad = "UIInterfaceOrientationPortrait UIInterfaceOrientationPortraitUpsideDown UIInterfaceOrientationLandscapeLeft UIInterfaceOrientationLandscapeRight";
				INFOPLIST_KEY_UISupportedInterfaceOrientations_iPhone = "UIInterfaceOrientationPortrait UIInterfaceOrientationLandscapeLeft UIInterfaceOrientationLandscapeRight";
				LD_RUNPATH_SEARCH_PATHS = (
					"$(inherited)",
					"@executable_path/Frameworks",
				);
				MARKETING_VERSION = 1.0;
				PRODUCT_BUNDLE_IDENTIFIER = wonny.CoreData;
				PRODUCT_NAME = "$(TARGET_NAME)";
				SWIFT_EMIT_LOC_STRINGS = YES;
				SWIFT_VERSION = 5.0;
				TARGETED_DEVICE_FAMILY = "1,2";
			};
			name = Release;
		};
		0EFFA9B02B3BB44200D5D875 /* Debug */ = {
			isa = XCBuildConfiguration;
			buildSettings = {
				ALWAYS_EMBED_SWIFT_STANDARD_LIBRARIES = YES;
				BUNDLE_LOADER = "$(TEST_HOST)";
				CODE_SIGN_STYLE = Automatic;
				CURRENT_PROJECT_VERSION = 1;
				DEVELOPMENT_TEAM = BQUJTNYMGY;
				GENERATE_INFOPLIST_FILE = YES;
				IPHONEOS_DEPLOYMENT_TARGET = 17.0;
				MARKETING_VERSION = 1.0;
				PRODUCT_BUNDLE_IDENTIFIER = wonny.CoreDataTests;
				PRODUCT_NAME = "$(TARGET_NAME)";
				SWIFT_EMIT_LOC_STRINGS = NO;
				SWIFT_VERSION = 5.0;
				TARGETED_DEVICE_FAMILY = "1,2";
				TEST_HOST = "$(BUILT_PRODUCTS_DIR)/CoreData.app/$(BUNDLE_EXECUTABLE_FOLDER_PATH)/CoreData";
			};
			name = Debug;
		};
		0EFFA9B12B3BB44200D5D875 /* Release */ = {
			isa = XCBuildConfiguration;
			buildSettings = {
				ALWAYS_EMBED_SWIFT_STANDARD_LIBRARIES = YES;
				BUNDLE_LOADER = "$(TEST_HOST)";
				CODE_SIGN_STYLE = Automatic;
				CURRENT_PROJECT_VERSION = 1;
				DEVELOPMENT_TEAM = BQUJTNYMGY;
				GENERATE_INFOPLIST_FILE = YES;
				IPHONEOS_DEPLOYMENT_TARGET = 17.0;
				MARKETING_VERSION = 1.0;
				PRODUCT_BUNDLE_IDENTIFIER = wonny.CoreDataTests;
				PRODUCT_NAME = "$(TARGET_NAME)";
				SWIFT_EMIT_LOC_STRINGS = NO;
				SWIFT_VERSION = 5.0;
				TARGETED_DEVICE_FAMILY = "1,2";
				TEST_HOST = "$(BUILT_PRODUCTS_DIR)/CoreData.app/$(BUNDLE_EXECUTABLE_FOLDER_PATH)/CoreData";
			};
			name = Release;
		};
		0EFFA9B32B3BB44200D5D875 /* Debug */ = {
			isa = XCBuildConfiguration;
			buildSettings = {
				ALWAYS_EMBED_SWIFT_STANDARD_LIBRARIES = YES;
				CODE_SIGN_STYLE = Automatic;
				CURRENT_PROJECT_VERSION = 1;
				DEVELOPMENT_TEAM = BQUJTNYMGY;
				GENERATE_INFOPLIST_FILE = YES;
				MARKETING_VERSION = 1.0;
				PRODUCT_BUNDLE_IDENTIFIER = wonny.CoreDataUITests;
				PRODUCT_NAME = "$(TARGET_NAME)";
				SWIFT_EMIT_LOC_STRINGS = NO;
				SWIFT_VERSION = 5.0;
				TARGETED_DEVICE_FAMILY = "1,2";
				TEST_TARGET_NAME = CoreData;
			};
			name = Debug;
		};
		0EFFA9B42B3BB44200D5D875 /* Release */ = {
			isa = XCBuildConfiguration;
			buildSettings = {
				ALWAYS_EMBED_SWIFT_STANDARD_LIBRARIES = YES;
				CODE_SIGN_STYLE = Automatic;
				CURRENT_PROJECT_VERSION = 1;
				DEVELOPMENT_TEAM = BQUJTNYMGY;
				GENERATE_INFOPLIST_FILE = YES;
				MARKETING_VERSION = 1.0;
				PRODUCT_BUNDLE_IDENTIFIER = wonny.CoreDataUITests;
				PRODUCT_NAME = "$(TARGET_NAME)";
				SWIFT_EMIT_LOC_STRINGS = NO;
				SWIFT_VERSION = 5.0;
				TARGETED_DEVICE_FAMILY = "1,2";
				TEST_TARGET_NAME = CoreData;
			};
			name = Release;
		};
/* End XCBuildConfiguration section */

/* Begin XCConfigurationList section */
		0EFFA97E2B3BB44000D5D875 /* Build configuration list for PBXProject "CoreData" */ = {
			isa = XCConfigurationList;
			buildConfigurations = (
				0EFFA9AA2B3BB44200D5D875 /* Debug */,
				0EFFA9AB2B3BB44200D5D875 /* Release */,
			);
			defaultConfigurationIsVisible = 0;
			defaultConfigurationName = Release;
		};
		0EFFA9AC2B3BB44200D5D875 /* Build configuration list for PBXNativeTarget "CoreData" */ = {
			isa = XCConfigurationList;
			buildConfigurations = (
				0EFFA9AD2B3BB44200D5D875 /* Debug */,
				0EFFA9AE2B3BB44200D5D875 /* Release */,
			);
			defaultConfigurationIsVisible = 0;
			defaultConfigurationName = Release;
		};
		0EFFA9AF2B3BB44200D5D875 /* Build configuration list for PBXNativeTarget "CoreDataTests" */ = {
			isa = XCConfigurationList;
			buildConfigurations = (
				0EFFA9B02B3BB44200D5D875 /* Debug */,
				0EFFA9B12B3BB44200D5D875 /* Release */,
			);
			defaultConfigurationIsVisible = 0;
			defaultConfigurationName = Release;
		};
		0EFFA9B22B3BB44200D5D875 /* Build configuration list for PBXNativeTarget "CoreDataUITests" */ = {
			isa = XCConfigurationList;
			buildConfigurations = (
				0EFFA9B32B3BB44200D5D875 /* Debug */,
				0EFFA9B42B3BB44200D5D875 /* Release */,
			);
			defaultConfigurationIsVisible = 0;
			defaultConfigurationName = Release;
		};
/* End XCConfigurationList section */

/* Begin XCVersionGroup section */
		0EFFA9912B3BB44200D5D875 /* CoreData.xcdatamodeld */ = {
			isa = XCVersionGroup;
			children = (
				0EFFA9922B3BB44200D5D875 /* CoreData.xcdatamodel */,
			);
			currentVersion = 0EFFA9922B3BB44200D5D875 /* CoreData.xcdatamodel */;
			path = CoreData.xcdatamodeld;
			sourceTree = "<group>";
			versionGroupType = wrapper.xcdatamodel;
		};
/* End XCVersionGroup section */
	};
	rootObject = 0EFFA97B2B3BB44000D5D875 /* Project object */;
}
