// !$*UTF8*$!
{
	archiveVersion = 1;
	classes = {
	};
	objectVersion = 56;
	objects = {

/* Begin PBXBuildFile section */
		0EE39C8E2B4D0695005892C8 /* MapOfficeTestApp.swift in Sources */ = {isa = PBXBuildFile; fileRef = 0EE39C8D2B4D0695005892C8 /* MapOfficeTestApp.swift */; };
		0EE39C902B4D0695005892C8 /* ContentView.swift in Sources */ = {isa = PBXBuildFile; fileRef = 0EE39C8F2B4D0695005892C8 /* ContentView.swift */; };
		0EE39C922B4D0697005892C8 /* Assets.xcassets in Resources */ = {isa = PBXBuildFile; fileRef = 0EE39C912B4D0697005892C8 /* Assets.xcassets */; };
		0EE39C952B4D0697005892C8 /* Preview Assets.xcassets in Resources */ = {isa = PBXBuildFile; fileRef = 0EE39C942B4D0697005892C8 /* Preview Assets.xcassets */; };
		0EE39C9D2B4D3531005892C8 /* ApiKeys.plist in Resources */ = {isa = PBXBuildFile; fileRef = 0EE39C9C2B4D3531005892C8 /* ApiKeys.plist */; };
		0EE39C9F2B4D35B0005892C8 /* OfficeServiceAPI.swift in Sources */ = {isa = PBXBuildFile; fileRef = 0EE39C9E2B4D35B0005892C8 /* OfficeServiceAPI.swift */; };
		0EE39CA12B4D376D005892C8 /* ApiKeys.swift in Sources */ = {isa = PBXBuildFile; fileRef = 0EE39CA02B4D376D005892C8 /* ApiKeys.swift */; };
		0EE39CA92B4DBB77005892C8 /* MapView.swift in Sources */ = {isa = PBXBuildFile; fileRef = 0EE39CA82B4DBB77005892C8 /* MapView.swift */; };
		0EE39CAB2B4DBBCD005892C8 /* Coordinator.swift in Sources */ = {isa = PBXBuildFile; fileRef = 0EE39CAA2B4DBBCD005892C8 /* Coordinator.swift */; };
		BAA0B6BEADB400E78A41A10F /* Pods_MapOfficeTest.framework in Frameworks */ = {isa = PBXBuildFile; fileRef = 4278376448968BF593725FEB /* Pods_MapOfficeTest.framework */; };
/* End PBXBuildFile section */

/* Begin PBXFileReference section */
		0EE39C8A2B4D0695005892C8 /* MapOfficeTest.app */ = {isa = PBXFileReference; explicitFileType = wrapper.application; includeInIndex = 0; path = MapOfficeTest.app; sourceTree = BUILT_PRODUCTS_DIR; };
		0EE39C8D2B4D0695005892C8 /* MapOfficeTestApp.swift */ = {isa = PBXFileReference; lastKnownFileType = sourcecode.swift; path = MapOfficeTestApp.swift; sourceTree = "<group>"; };
		0EE39C8F2B4D0695005892C8 /* ContentView.swift */ = {isa = PBXFileReference; lastKnownFileType = sourcecode.swift; path = ContentView.swift; sourceTree = "<group>"; };
		0EE39C912B4D0697005892C8 /* Assets.xcassets */ = {isa = PBXFileReference; lastKnownFileType = folder.assetcatalog; path = Assets.xcassets; sourceTree = "<group>"; };
		0EE39C942B4D0697005892C8 /* Preview Assets.xcassets */ = {isa = PBXFileReference; lastKnownFileType = folder.assetcatalog; path = "Preview Assets.xcassets"; sourceTree = "<group>"; };
		0EE39C9C2B4D3531005892C8 /* ApiKeys.plist */ = {isa = PBXFileReference; fileEncoding = 4; lastKnownFileType = text.plist.xml; name = ApiKeys.plist; path = "../../12주차/SwiftAPI/SwiftAPI/ApiKeys.plist"; sourceTree = "<group>"; };
		0EE39C9E2B4D35B0005892C8 /* OfficeServiceAPI.swift */ = {isa = PBXFileReference; lastKnownFileType = sourcecode.swift; path = OfficeServiceAPI.swift; sourceTree = "<group>"; };
		0EE39CA02B4D376D005892C8 /* ApiKeys.swift */ = {isa = PBXFileReference; lastKnownFileType = sourcecode.swift; path = ApiKeys.swift; sourceTree = "<group>"; };
		0EE39CA42B4D7CE5005892C8 /* Info.plist */ = {isa = PBXFileReference; lastKnownFileType = text.plist; path = Info.plist; sourceTree = "<group>"; };
		0EE39CA72B4DB754005892C8 /* Config.xcconfig */ = {isa = PBXFileReference; lastKnownFileType = text.xcconfig; path = Config.xcconfig; sourceTree = "<group>"; };
		0EE39CA82B4DBB77005892C8 /* MapView.swift */ = {isa = PBXFileReference; lastKnownFileType = sourcecode.swift; path = MapView.swift; sourceTree = "<group>"; };
		0EE39CAA2B4DBBCD005892C8 /* Coordinator.swift */ = {isa = PBXFileReference; lastKnownFileType = sourcecode.swift; path = Coordinator.swift; sourceTree = "<group>"; };
		35EE3CB61811EF9ADE946DB1 /* Pods-MapOfficeTest.debug.xcconfig */ = {isa = PBXFileReference; includeInIndex = 1; lastKnownFileType = text.xcconfig; name = "Pods-MapOfficeTest.debug.xcconfig"; path = "Target Support Files/Pods-MapOfficeTest/Pods-MapOfficeTest.debug.xcconfig"; sourceTree = "<group>"; };
		4278376448968BF593725FEB /* Pods_MapOfficeTest.framework */ = {isa = PBXFileReference; explicitFileType = wrapper.framework; includeInIndex = 0; path = Pods_MapOfficeTest.framework; sourceTree = BUILT_PRODUCTS_DIR; };
		5385E9A4459C5C075B2AF8DD /* Pods-MapOfficeTest.release.xcconfig */ = {isa = PBXFileReference; includeInIndex = 1; lastKnownFileType = text.xcconfig; name = "Pods-MapOfficeTest.release.xcconfig"; path = "Target Support Files/Pods-MapOfficeTest/Pods-MapOfficeTest.release.xcconfig"; sourceTree = "<group>"; };
/* End PBXFileReference section */

/* Begin PBXFrameworksBuildPhase section */
		0EE39C872B4D0695005892C8 /* Frameworks */ = {
			isa = PBXFrameworksBuildPhase;
			buildActionMask = 2147483647;
			files = (
				BAA0B6BEADB400E78A41A10F /* Pods_MapOfficeTest.framework in Frameworks */,
			);
			runOnlyForDeploymentPostprocessing = 0;
		};
/* End PBXFrameworksBuildPhase section */

/* Begin PBXGroup section */
		0EE39C812B4D0695005892C8 = {
			isa = PBXGroup;
			children = (
				0EE39CA72B4DB754005892C8 /* Config.xcconfig */,
				0EE39C8C2B4D0695005892C8 /* MapOfficeTest */,
				0EE39C8B2B4D0695005892C8 /* Products */,
				E0A50B2DB4F7BE8147A7FB84 /* Pods */,
				1809A8C8213BB7E3EEA37CC9 /* Frameworks */,
			);
			sourceTree = "<group>";
		};
		0EE39C8B2B4D0695005892C8 /* Products */ = {
			isa = PBXGroup;
			children = (
				0EE39C8A2B4D0695005892C8 /* MapOfficeTest.app */,
			);
			name = Products;
			sourceTree = "<group>";
		};
		0EE39C8C2B4D0695005892C8 /* MapOfficeTest */ = {
			isa = PBXGroup;
			children = (
				0EE39CA42B4D7CE5005892C8 /* Info.plist */,
				0EE39C8D2B4D0695005892C8 /* MapOfficeTestApp.swift */,
				0EE39C9C2B4D3531005892C8 /* ApiKeys.plist */,
				0EE39C8F2B4D0695005892C8 /* ContentView.swift */,
				0EE39C9E2B4D35B0005892C8 /* OfficeServiceAPI.swift */,
				0EE39CA02B4D376D005892C8 /* ApiKeys.swift */,
				0EE39CAC2B4E7F3B005892C8 /* etc */,
				0EE39C912B4D0697005892C8 /* Assets.xcassets */,
				0EE39C932B4D0697005892C8 /* Preview Content */,
			);
			path = MapOfficeTest;
			sourceTree = "<group>";
		};
		0EE39C932B4D0697005892C8 /* Preview Content */ = {
			isa = PBXGroup;
			children = (
				0EE39C942B4D0697005892C8 /* Preview Assets.xcassets */,
			);
			path = "Preview Content";
			sourceTree = "<group>";
		};
		0EE39CAC2B4E7F3B005892C8 /* etc */ = {
			isa = PBXGroup;
			children = (
				0EE39CA82B4DBB77005892C8 /* MapView.swift */,
				0EE39CAA2B4DBBCD005892C8 /* Coordinator.swift */,
			);
			path = etc;
			sourceTree = "<group>";
		};
		1809A8C8213BB7E3EEA37CC9 /* Frameworks */ = {
			isa = PBXGroup;
			children = (
				4278376448968BF593725FEB /* Pods_MapOfficeTest.framework */,
			);
			name = Frameworks;
			sourceTree = "<group>";
		};
		E0A50B2DB4F7BE8147A7FB84 /* Pods */ = {
			isa = PBXGroup;
			children = (
				35EE3CB61811EF9ADE946DB1 /* Pods-MapOfficeTest.debug.xcconfig */,
				5385E9A4459C5C075B2AF8DD /* Pods-MapOfficeTest.release.xcconfig */,
			);
			path = Pods;
			sourceTree = "<group>";
		};
/* End PBXGroup section */

/* Begin PBXNativeTarget section */
		0EE39C892B4D0695005892C8 /* MapOfficeTest */ = {
			isa = PBXNativeTarget;
			buildConfigurationList = 0EE39C982B4D0697005892C8 /* Build configuration list for PBXNativeTarget "MapOfficeTest" */;
			buildPhases = (
				17086B2F84B3F1D6D659DF7C /* [CP] Check Pods Manifest.lock */,
				0EE39C862B4D0695005892C8 /* Sources */,
				0EE39C872B4D0695005892C8 /* Frameworks */,
				0EE39C882B4D0695005892C8 /* Resources */,
				F7457543CCE31922AB1AD11D /* [CP] Embed Pods Frameworks */,
			);
			buildRules = (
			);
			dependencies = (
			);
			name = MapOfficeTest;
			productName = MapOfficeTest;
			productReference = 0EE39C8A2B4D0695005892C8 /* MapOfficeTest.app */;
			productType = "com.apple.product-type.application";
		};
/* End PBXNativeTarget section */

/* Begin PBXProject section */
		0EE39C822B4D0695005892C8 /* Project object */ = {
			isa = PBXProject;
			attributes = {
				BuildIndependentTargetsInParallel = 1;
				LastSwiftUpdateCheck = 1500;
				LastUpgradeCheck = 1500;
				TargetAttributes = {
					0EE39C892B4D0695005892C8 = {
						CreatedOnToolsVersion = 15.0.1;
					};
				};
			};
			buildConfigurationList = 0EE39C852B4D0695005892C8 /* Build configuration list for PBXProject "MapOfficeTest" */;
			compatibilityVersion = "Xcode 14.0";
			developmentRegion = en;
			hasScannedForEncodings = 0;
			knownRegions = (
				en,
				Base,
			);
			mainGroup = 0EE39C812B4D0695005892C8;
			productRefGroup = 0EE39C8B2B4D0695005892C8 /* Products */;
			projectDirPath = "";
			projectRoot = "";
			targets = (
				0EE39C892B4D0695005892C8 /* MapOfficeTest */,
			);
		};
/* End PBXProject section */

/* Begin PBXResourcesBuildPhase section */
		0EE39C882B4D0695005892C8 /* Resources */ = {
			isa = PBXResourcesBuildPhase;
			buildActionMask = 2147483647;
			files = (
				0EE39C952B4D0697005892C8 /* Preview Assets.xcassets in Resources */,
				0EE39C922B4D0697005892C8 /* Assets.xcassets in Resources */,
				0EE39C9D2B4D3531005892C8 /* ApiKeys.plist in Resources */,
			);
			runOnlyForDeploymentPostprocessing = 0;
		};
/* End PBXResourcesBuildPhase section */

/* Begin PBXShellScriptBuildPhase section */
		17086B2F84B3F1D6D659DF7C /* [CP] Check Pods Manifest.lock */ = {
			isa = PBXShellScriptBuildPhase;
			buildActionMask = 2147483647;
			files = (
			);
			inputFileListPaths = (
			);
			inputPaths = (
				"${PODS_PODFILE_DIR_PATH}/Podfile.lock",
				"${PODS_ROOT}/Manifest.lock",
			);
			name = "[CP] Check Pods Manifest.lock";
			outputFileListPaths = (
			);
			outputPaths = (
				"$(DERIVED_FILE_DIR)/Pods-MapOfficeTest-checkManifestLockResult.txt",
			);
			runOnlyForDeploymentPostprocessing = 0;
			shellPath = /bin/sh;
			shellScript = "diff \"${PODS_PODFILE_DIR_PATH}/Podfile.lock\" \"${PODS_ROOT}/Manifest.lock\" > /dev/null\nif [ $? != 0 ] ; then\n    # print error to STDERR\n    echo \"error: The sandbox is not in sync with the Podfile.lock. Run 'pod install' or update your CocoaPods installation.\" >&2\n    exit 1\nfi\n# This output is used by Xcode 'outputs' to avoid re-running this script phase.\necho \"SUCCESS\" > \"${SCRIPT_OUTPUT_FILE_0}\"\n";
			showEnvVarsInLog = 0;
		};
		F7457543CCE31922AB1AD11D /* [CP] Embed Pods Frameworks */ = {
			isa = PBXShellScriptBuildPhase;
			buildActionMask = 2147483647;
			files = (
			);
			inputFileListPaths = (
				"${PODS_ROOT}/Target Support Files/Pods-MapOfficeTest/Pods-MapOfficeTest-frameworks-${CONFIGURATION}-input-files.xcfilelist",
			);
			name = "[CP] Embed Pods Frameworks";
			outputFileListPaths = (
				"${PODS_ROOT}/Target Support Files/Pods-MapOfficeTest/Pods-MapOfficeTest-frameworks-${CONFIGURATION}-output-files.xcfilelist",
			);
			runOnlyForDeploymentPostprocessing = 0;
			shellPath = /bin/sh;
			shellScript = "\"${PODS_ROOT}/Target Support Files/Pods-MapOfficeTest/Pods-MapOfficeTest-frameworks.sh\"\n";
			showEnvVarsInLog = 0;
		};
/* End PBXShellScriptBuildPhase section */

/* Begin PBXSourcesBuildPhase section */
		0EE39C862B4D0695005892C8 /* Sources */ = {
			isa = PBXSourcesBuildPhase;
			buildActionMask = 2147483647;
			files = (
				0EE39C902B4D0695005892C8 /* ContentView.swift in Sources */,
				0EE39C9F2B4D35B0005892C8 /* OfficeServiceAPI.swift in Sources */,
				0EE39CAB2B4DBBCD005892C8 /* Coordinator.swift in Sources */,
				0EE39CA92B4DBB77005892C8 /* MapView.swift in Sources */,
				0EE39CA12B4D376D005892C8 /* ApiKeys.swift in Sources */,
				0EE39C8E2B4D0695005892C8 /* MapOfficeTestApp.swift in Sources */,
			);
			runOnlyForDeploymentPostprocessing = 0;
		};
/* End PBXSourcesBuildPhase section */

/* Begin XCBuildConfiguration section */
		0EE39C962B4D0697005892C8 /* Debug */ = {
			isa = XCBuildConfiguration;
			buildSettings = {
				ALWAYS_SEARCH_USER_PATHS = NO;
				ASSETCATALOG_COMPILER_GENERATE_SWIFT_ASSET_SYMBOL_EXTENSIONS = YES;
				CLANG_ANALYZER_NONNULL = YES;
				CLANG_ANALYZER_NUMBER_OBJECT_CONVERSION = YES_AGGRESSIVE;
				CLANG_CXX_LANGUAGE_STANDARD = "gnu++20";
				CLANG_ENABLE_MODULES = YES;
				CLANG_ENABLE_OBJC_ARC = YES;
				CLANG_ENABLE_OBJC_WEAK = YES;
				CLANG_WARN_BLOCK_CAPTURE_AUTORELEASING = YES;
				CLANG_WARN_BOOL_CONVERSION = YES;
				CLANG_WARN_COMMA = YES;
				CLANG_WARN_CONSTANT_CONVERSION = YES;
				CLANG_WARN_DEPRECATED_OBJC_IMPLEMENTATIONS = YES;
				CLANG_WARN_DIRECT_OBJC_ISA_USAGE = YES_ERROR;
				CLANG_WARN_DOCUMENTATION_COMMENTS = YES;
				CLANG_WARN_EMPTY_BODY = YES;
				CLANG_WARN_ENUM_CONVERSION = YES;
				CLANG_WARN_INFINITE_RECURSION = YES;
				CLANG_WARN_INT_CONVERSION = YES;
				CLANG_WARN_NON_LITERAL_NULL_CONVERSION = YES;
				CLANG_WARN_OBJC_IMPLICIT_RETAIN_SELF = YES;
				CLANG_WARN_OBJC_LITERAL_CONVERSION = YES;
				CLANG_WARN_OBJC_ROOT_CLASS = YES_ERROR;
				CLANG_WARN_QUOTED_INCLUDE_IN_FRAMEWORK_HEADER = YES;
				CLANG_WARN_RANGE_LOOP_ANALYSIS = YES;
				CLANG_WARN_STRICT_PROTOTYPES = YES;
				CLANG_WARN_SUSPICIOUS_MOVE = YES;
				CLANG_WARN_UNGUARDED_AVAILABILITY = YES_AGGRESSIVE;
				CLANG_WARN_UNREACHABLE_CODE = YES;
				CLANG_WARN__DUPLICATE_METHOD_MATCH = YES;
				COPY_PHASE_STRIP = NO;
				DEBUG_INFORMATION_FORMAT = dwarf;
				ENABLE_STRICT_OBJC_MSGSEND = YES;
				ENABLE_TESTABILITY = YES;
				ENABLE_USER_SCRIPT_SANDBOXING = NO;
				GCC_C_LANGUAGE_STANDARD = gnu17;
				GCC_DYNAMIC_NO_PIC = NO;
				GCC_NO_COMMON_BLOCKS = YES;
				GCC_OPTIMIZATION_LEVEL = 0;
				GCC_PREPROCESSOR_DEFINITIONS = (
					"DEBUG=1",
					"$(inherited)",
				);
				GCC_WARN_64_TO_32_BIT_CONVERSION = YES;
				GCC_WARN_ABOUT_RETURN_TYPE = YES_ERROR;
				GCC_WARN_UNDECLARED_SELECTOR = YES;
				GCC_WARN_UNINITIALIZED_AUTOS = YES_AGGRESSIVE;
				GCC_WARN_UNUSED_FUNCTION = YES;
				GCC_WARN_UNUSED_VARIABLE = YES;
				IPHONEOS_DEPLOYMENT_TARGET = 17.0;
				LOCALIZATION_PREFERS_STRING_CATALOGS = YES;
				MTL_ENABLE_DEBUG_INFO = INCLUDE_SOURCE;
				MTL_FAST_MATH = YES;
				ONLY_ACTIVE_ARCH = YES;
				SDKROOT = iphoneos;
				SWIFT_ACTIVE_COMPILATION_CONDITIONS = "DEBUG $(inherited)";
				SWIFT_OPTIMIZATION_LEVEL = "-Onone";
			};
			name = Debug;
		};
		0EE39C972B4D0697005892C8 /* Release */ = {
			isa = XCBuildConfiguration;
			buildSettings = {
				ALWAYS_SEARCH_USER_PATHS = NO;
				ASSETCATALOG_COMPILER_GENERATE_SWIFT_ASSET_SYMBOL_EXTENSIONS = YES;
				CLANG_ANALYZER_NONNULL = YES;
				CLANG_ANALYZER_NUMBER_OBJECT_CONVERSION = YES_AGGRESSIVE;
				CLANG_CXX_LANGUAGE_STANDARD = "gnu++20";
				CLANG_ENABLE_MODULES = YES;
				CLANG_ENABLE_OBJC_ARC = YES;
				CLANG_ENABLE_OBJC_WEAK = YES;
				CLANG_WARN_BLOCK_CAPTURE_AUTORELEASING = YES;
				CLANG_WARN_BOOL_CONVERSION = YES;
				CLANG_WARN_COMMA = YES;
				CLANG_WARN_CONSTANT_CONVERSION = YES;
				CLANG_WARN_DEPRECATED_OBJC_IMPLEMENTATIONS = YES;
				CLANG_WARN_DIRECT_OBJC_ISA_USAGE = YES_ERROR;
				CLANG_WARN_DOCUMENTATION_COMMENTS = YES;
				CLANG_WARN_EMPTY_BODY = YES;
				CLANG_WARN_ENUM_CONVERSION = YES;
				CLANG_WARN_INFINITE_RECURSION = YES;
				CLANG_WARN_INT_CONVERSION = YES;
				CLANG_WARN_NON_LITERAL_NULL_CONVERSION = YES;
				CLANG_WARN_OBJC_IMPLICIT_RETAIN_SELF = YES;
				CLANG_WARN_OBJC_LITERAL_CONVERSION = YES;
				CLANG_WARN_OBJC_ROOT_CLASS = YES_ERROR;
				CLANG_WARN_QUOTED_INCLUDE_IN_FRAMEWORK_HEADER = YES;
				CLANG_WARN_RANGE_LOOP_ANALYSIS = YES;
				CLANG_WARN_STRICT_PROTOTYPES = YES;
				CLANG_WARN_SUSPICIOUS_MOVE = YES;
				CLANG_WARN_UNGUARDED_AVAILABILITY = YES_AGGRESSIVE;
				CLANG_WARN_UNREACHABLE_CODE = YES;
				CLANG_WARN__DUPLICATE_METHOD_MATCH = YES;
				COPY_PHASE_STRIP = NO;
				DEBUG_INFORMATION_FORMAT = "dwarf-with-dsym";
				ENABLE_NS_ASSERTIONS = NO;
				ENABLE_STRICT_OBJC_MSGSEND = YES;
				ENABLE_USER_SCRIPT_SANDBOXING = NO;
				GCC_C_LANGUAGE_STANDARD = gnu17;
				GCC_NO_COMMON_BLOCKS = YES;
				GCC_WARN_64_TO_32_BIT_CONVERSION = YES;
				GCC_WARN_ABOUT_RETURN_TYPE = YES_ERROR;
				GCC_WARN_UNDECLARED_SELECTOR = YES;
				GCC_WARN_UNINITIALIZED_AUTOS = YES_AGGRESSIVE;
				GCC_WARN_UNUSED_FUNCTION = YES;
				GCC_WARN_UNUSED_VARIABLE = YES;
				IPHONEOS_DEPLOYMENT_TARGET = 17.0;
				LOCALIZATION_PREFERS_STRING_CATALOGS = YES;
				MTL_ENABLE_DEBUG_INFO = NO;
				MTL_FAST_MATH = YES;
				SDKROOT = iphoneos;
				SWIFT_COMPILATION_MODE = wholemodule;
				VALIDATE_PRODUCT = YES;
			};
			name = Release;
		};
		0EE39C992B4D0697005892C8 /* Debug */ = {
			isa = XCBuildConfiguration;
			baseConfigurationReference = 35EE3CB61811EF9ADE946DB1 /* Pods-MapOfficeTest.debug.xcconfig */;
			buildSettings = {
				ASSETCATALOG_COMPILER_APPICON_NAME = AppIcon;
				ASSETCATALOG_COMPILER_GLOBAL_ACCENT_COLOR_NAME = AccentColor;
				CODE_SIGN_STYLE = Automatic;
				CURRENT_PROJECT_VERSION = 1;
				DEVELOPMENT_ASSET_PATHS = "\"MapOfficeTest/Preview Content\"";
				DEVELOPMENT_TEAM = BQUJTNYMGY;
				ENABLE_PREVIEWS = YES;
				GENERATE_INFOPLIST_FILE = YES;
				INFOPLIST_FILE = MapOfficeTest/Info.plist;
				INFOPLIST_KEY_NSLocationWhenInUseUsageDescription = "현위치 정보권한요청";
				INFOPLIST_KEY_UIApplicationSceneManifest_Generation = YES;
				INFOPLIST_KEY_UIApplicationSupportsIndirectInputEvents = YES;
				INFOPLIST_KEY_UILaunchScreen_Generation = YES;
				INFOPLIST_KEY_UISupportedInterfaceOrientations_iPad = "UIInterfaceOrientationPortrait UIInterfaceOrientationPortraitUpsideDown UIInterfaceOrientationLandscapeLeft UIInterfaceOrientationLandscapeRight";
				INFOPLIST_KEY_UISupportedInterfaceOrientations_iPhone = "UIInterfaceOrientationPortrait UIInterfaceOrientationLandscapeLeft UIInterfaceOrientationLandscapeRight";
				LD_RUNPATH_SEARCH_PATHS = (
					"$(inherited)",
					"@executable_path/Frameworks",
				);
				MARKETING_VERSION = 1.0;
				PRODUCT_BUNDLE_IDENTIFIER = wonny.MapOfficeTest;
				PRODUCT_NAME = "$(TARGET_NAME)";
				SWIFT_EMIT_LOC_STRINGS = YES;
				SWIFT_VERSION = 5.0;
				TARGETED_DEVICE_FAMILY = "1,2";
			};
			name = Debug;
		};
		0EE39C9A2B4D0697005892C8 /* Release */ = {
			isa = XCBuildConfiguration;
			baseConfigurationReference = 5385E9A4459C5C075B2AF8DD /* Pods-MapOfficeTest.release.xcconfig */;
			buildSettings = {
				ASSETCATALOG_COMPILER_APPICON_NAME = AppIcon;
				ASSETCATALOG_COMPILER_GLOBAL_ACCENT_COLOR_NAME = AccentColor;
				CODE_SIGN_STYLE = Automatic;
				CURRENT_PROJECT_VERSION = 1;
				DEVELOPMENT_ASSET_PATHS = "\"MapOfficeTest/Preview Content\"";
				DEVELOPMENT_TEAM = BQUJTNYMGY;
				ENABLE_PREVIEWS = YES;
				GENERATE_INFOPLIST_FILE = YES;
				INFOPLIST_FILE = MapOfficeTest/Info.plist;
				INFOPLIST_KEY_NSLocationWhenInUseUsageDescription = "현위치 정보권한요청";
				INFOPLIST_KEY_UIApplicationSceneManifest_Generation = YES;
				INFOPLIST_KEY_UIApplicationSupportsIndirectInputEvents = YES;
				INFOPLIST_KEY_UILaunchScreen_Generation = YES;
				INFOPLIST_KEY_UISupportedInterfaceOrientations_iPad = "UIInterfaceOrientationPortrait UIInterfaceOrientationPortraitUpsideDown UIInterfaceOrientationLandscapeLeft UIInterfaceOrientationLandscapeRight";
				INFOPLIST_KEY_UISupportedInterfaceOrientations_iPhone = "UIInterfaceOrientationPortrait UIInterfaceOrientationLandscapeLeft UIInterfaceOrientationLandscapeRight";
				LD_RUNPATH_SEARCH_PATHS = (
					"$(inherited)",
					"@executable_path/Frameworks",
				);
				MARKETING_VERSION = 1.0;
				PRODUCT_BUNDLE_IDENTIFIER = wonny.MapOfficeTest;
				PRODUCT_NAME = "$(TARGET_NAME)";
				SWIFT_EMIT_LOC_STRINGS = YES;
				SWIFT_VERSION = 5.0;
				TARGETED_DEVICE_FAMILY = "1,2";
			};
			name = Release;
		};
/* End XCBuildConfiguration section */

/* Begin XCConfigurationList section */
		0EE39C852B4D0695005892C8 /* Build configuration list for PBXProject "MapOfficeTest" */ = {
			isa = XCConfigurationList;
			buildConfigurations = (
				0EE39C962B4D0697005892C8 /* Debug */,
				0EE39C972B4D0697005892C8 /* Release */,
			);
			defaultConfigurationIsVisible = 0;
			defaultConfigurationName = Release;
		};
		0EE39C982B4D0697005892C8 /* Build configuration list for PBXNativeTarget "MapOfficeTest" */ = {
			isa = XCConfigurationList;
			buildConfigurations = (
				0EE39C992B4D0697005892C8 /* Debug */,
				0EE39C9A2B4D0697005892C8 /* Release */,
			);
			defaultConfigurationIsVisible = 0;
			defaultConfigurationName = Release;
		};
/* End XCConfigurationList section */
	};
	rootObject = 0EE39C822B4D0695005892C8 /* Project object */;
}
